
Microsoft Visual Studio Solution File, Format Version 12.00
# Visual Studio Version 17
VisualStudioVersion = 17.1.32414.318
MinimumVisualStudioVersion = 10.0.40219.1
Project("{FAE04EC0-301F-11D3-BF4B-00C04F79EFBC}") = "lista.pruebas", "ListaPruebas\lista.pruebas.csproj", "{A77AE35C-B330-43B5-98D7-FBD5D7AA115A}"
EndProject
Project("{FAE04EC0-301F-11D3-BF4B-00C04F79EFBC}") = "clases.listas", "ClasesListas\clases.listas.csproj", "{0AABFB7A-C103-4AC2-B9C2-E2043B2C0903}"
EndProject
Project("{FAE04EC0-301F-11D3-BF4B-00C04F79EFBC}") = "prueba", "Prueba\prueba.csproj", "{7158264A-6B6D-4011-8732-F0F5A613FF15}"
EndProject
Global
	GlobalSection(SolutionConfigurationPlatforms) = preSolution
		Debug|Any CPU = Debug|Any CPU
		Release|Any CPU = Release|Any CPU
	EndGlobalSection
	GlobalSection(ProjectConfigurationPlatforms) = postSolution
		{A77AE35C-B330-43B5-98D7-FBD5D7AA115A}.Debug|Any CPU.ActiveCfg = Debug|Any CPU
		{A77AE35C-B330-43B5-98D7-FBD5D7AA115A}.Debug|Any CPU.Build.0 = Debug|Any CPU
		{A77AE35C-B330-43B5-98D7-FBD5D7AA115A}.Release|Any CPU.ActiveCfg = Release|Any CPU
		{A77AE35C-B330-43B5-98D7-FBD5D7AA115A}.Release|Any CPU.Build.0 = Release|Any CPU
		{0AABFB7A-C103-4AC2-B9C2-E2043B2C0903}.Debug|Any CPU.ActiveCfg = Debug|Any CPU
		{0AABFB7A-C103-4AC2-B9C2-E2043B2C0903}.Debug|Any CPU.Build.0 = Debug|Any CPU
		{0AABFB7A-C103-4AC2-B9C2-E2043B2C0903}.Release|Any CPU.ActiveCfg = Release|Any CPU
		{0AABFB7A-C103-4AC2-B9C2-E2043B2C0903}.Release|Any CPU.Build.0 = Release|Any CPU
		{7158264A-6B6D-4011-8732-F0F5A613FF15}.Debug|Any CPU.ActiveCfg = Debug|Any CPU
		{7158264A-6B6D-4011-8732-F0F5A613FF15}.Debug|Any CPU.Build.0 = Debug|Any CPU
		{7158264A-6B6D-4011-8732-F0F5A613FF15}.Release|Any CPU.ActiveCfg = Release|Any CPU
		{7158264A-6B6D-4011-8732-F0F5A613FF15}.Release|Any CPU.Build.0 = Release|Any CPU
	EndGlobalSection
	GlobalSection(SolutionProperties) = preSolution
		HideSolutionNode = FALSE
	EndGlobalSection
	GlobalSection(ExtensibilityGlobals) = postSolution
		SolutionGuid = {1C51CB3A-F534-49D1-BC65-EA30BB8698F0}
	EndGlobalSection
EndGlobal
